
Microsoft Visual Studio Solution File, Format Version 12.00
# Visual Studio Version 17
VisualStudioVersion = 17.5.002.0
MinimumVisualStudioVersion = 10.0.40219.1
Project("{9A19103F-16F7-4668-BE54-9A1E7A4F7556}") = "Stopwatch", "Stopwatch.csproj", "{D5A7FFE3-7E08-45F5-AAF8-EA0931AE151C}"
EndProject
Global
	GlobalSection(SolutionConfigurationPlatforms) = preSolution
		Debug|Any CPU = Debug|Any CPU
		Release|Any CPU = Release|Any CPU
	EndGlobalSection
	GlobalSection(ProjectConfigurationPlatforms) = postSolution
		{D5A7FFE3-7E08-45F5-AAF8-EA0931AE151C}.Debug|Any CPU.ActiveCfg = Debug|Any CPU
		{D5A7FFE3-7E08-45F5-AAF8-EA0931AE151C}.Debug|Any CPU.Build.0 = Debug|Any CPU
		{D5A7FFE3-7E08-45F5-AAF8-EA0931AE151C}.Release|Any CPU.ActiveCfg = Release|Any CPU
		{D5A7FFE3-7E08-45F5-AAF8-EA0931AE151C}.Release|Any CPU.Build.0 = Release|Any CPU
	EndGlobalSection
	GlobalSection(SolutionProperties) = preSolution
		HideSolutionNode = FALSE
	EndGlobalSection
	GlobalSection(ExtensibilityGlobals) = postSolution
		SolutionGuid = {65F41AA1-4143-4346-B077-3945BA9B1094}
	EndGlobalSection
EndGlobal
